
Microsoft Visual Studio Solution File, Format Version 12.00
# Visual Studio Version 16
VisualStudioVersion = 16.0.28803.452
MinimumVisualStudioVersion = 10.0.40219.1
Project("{9A19103F-16F7-4668-BE54-9A1E7A4F7556}") = "AzureExtensions.FunctionToken", "src\AzureExtensions.FunctionToken\AzureExtensions.FunctionToken.csproj", "{F71DB1E8-6562-4F38-BDFC-CFBAE191C85E}"
EndProject
Project("{FAE04EC0-301F-11D3-BF4B-00C04F79EFBC}") = "FunctionExample", "examples\FunctionExample\FunctionExample.csproj", "{4E509053-B882-4E64-984C-667595FB7129}"
EndProject
Global
	GlobalSection(SolutionConfigurationPlatforms) = preSolution
		Debug|Any CPU = Debug|Any CPU
		Release|Any CPU = Release|Any CPU
	EndGlobalSection
	GlobalSection(ProjectConfigurationPlatforms) = postSolution
		{F71DB1E8-6562-4F38-BDFC-CFBAE191C85E}.Debug|Any CPU.ActiveCfg = Debug|Any CPU
		{F71DB1E8-6562-4F38-BDFC-CFBAE191C85E}.Debug|Any CPU.Build.0 = Debug|Any CPU
		{F71DB1E8-6562-4F38-BDFC-CFBAE191C85E}.Release|Any CPU.ActiveCfg = Release|Any CPU
		{F71DB1E8-6562-4F38-BDFC-CFBAE191C85E}.Release|Any CPU.Build.0 = Release|Any CPU
		{4E509053-B882-4E64-984C-667595FB7129}.Debug|Any CPU.ActiveCfg = Debug|Any CPU
		{4E509053-B882-4E64-984C-667595FB7129}.Debug|Any CPU.Build.0 = Debug|Any CPU
		{4E509053-B882-4E64-984C-667595FB7129}.Release|Any CPU.ActiveCfg = Release|Any CPU
		{4E509053-B882-4E64-984C-667595FB7129}.Release|Any CPU.Build.0 = Release|Any CPU
	EndGlobalSection
	GlobalSection(SolutionProperties) = preSolution
		HideSolutionNode = FALSE
	EndGlobalSection
	GlobalSection(ExtensibilityGlobals) = postSolution
		SolutionGuid = {25CD4E66-7A3B-474D-BD94-461C07F62D07}
	EndGlobalSection
EndGlobal
